
Microsoft Visual Studio Solution File, Format Version 12.00
# Visual Studio Version 17
VisualStudioVersion = 17.0.31611.283
MinimumVisualStudioVersion = 10.0.40219.1
Project("{9A19103F-16F7-4668-BE54-9A1E7A4F7556}") = "SteamCompare", "SteamCompare\SteamCompare.csproj", "{E9ED335F-8B3F-4010-A191-18049225CAFC}"
EndProject
Project("{FAE04EC0-301F-11D3-BF4B-00C04F79EFBC}") = "Steam.Models", "Steam.Models\Steam.Models.csproj", "{5619B14D-6306-4A86-80C9-C2AACDE90679}"
EndProject
Project("{FAE04EC0-301F-11D3-BF4B-00C04F79EFBC}") = "SteamWebAPI2", "SteamWebAPI2\SteamWebAPI2.csproj", "{9304419D-64A4-4D96-9EDC-F92BFF4B0494}"
EndProject
Global
	GlobalSection(SolutionConfigurationPlatforms) = preSolution
		Debug|Any CPU = Debug|Any CPU
		Release|Any CPU = Release|Any CPU
	EndGlobalSection
	GlobalSection(ProjectConfigurationPlatforms) = postSolution
		{E9ED335F-8B3F-4010-A191-18049225CAFC}.Debug|Any CPU.ActiveCfg = Debug|Any CPU
		{E9ED335F-8B3F-4010-A191-18049225CAFC}.Debug|Any CPU.Build.0 = Debug|Any CPU
		{E9ED335F-8B3F-4010-A191-18049225CAFC}.Debug|Any CPU.Deploy.0 = Debug|Any CPU
		{E9ED335F-8B3F-4010-A191-18049225CAFC}.Release|Any CPU.ActiveCfg = Release|Any CPU
		{E9ED335F-8B3F-4010-A191-18049225CAFC}.Release|Any CPU.Build.0 = Release|Any CPU
		{E9ED335F-8B3F-4010-A191-18049225CAFC}.Release|Any CPU.Deploy.0 = Release|Any CPU
		{5619B14D-6306-4A86-80C9-C2AACDE90679}.Debug|Any CPU.ActiveCfg = Debug|Any CPU
		{5619B14D-6306-4A86-80C9-C2AACDE90679}.Debug|Any CPU.Build.0 = Debug|Any CPU
		{5619B14D-6306-4A86-80C9-C2AACDE90679}.Release|Any CPU.ActiveCfg = Release|Any CPU
		{5619B14D-6306-4A86-80C9-C2AACDE90679}.Release|Any CPU.Build.0 = Release|Any CPU
		{9304419D-64A4-4D96-9EDC-F92BFF4B0494}.Debug|Any CPU.ActiveCfg = Debug|Any CPU
		{9304419D-64A4-4D96-9EDC-F92BFF4B0494}.Debug|Any CPU.Build.0 = Debug|Any CPU
		{9304419D-64A4-4D96-9EDC-F92BFF4B0494}.Release|Any CPU.ActiveCfg = Release|Any CPU
		{9304419D-64A4-4D96-9EDC-F92BFF4B0494}.Release|Any CPU.Build.0 = Release|Any CPU
	EndGlobalSection
	GlobalSection(SolutionProperties) = preSolution
		HideSolutionNode = FALSE
	EndGlobalSection
	GlobalSection(ExtensibilityGlobals) = postSolution
		SolutionGuid = {61F7FB11-1E47-470C-91E2-47F8143E1572}
	EndGlobalSection
EndGlobal
